<?xml version="1.0" encoding="utf-8"?>
<Project ToolsVersion="4.0" xmlns="http://schemas.microsoft.com/developer/msbuild/2003">
  <ItemGroup>
    <Filter Include="lua">
      <UniqueIdentifier>{2b914ab1-d2bb-47b4-823a-d62597dd6963}</UniqueIdentifier>
    </Filter>
    <Filter Include="core">
      <UniqueIdentifier>{ddf3f3d1-993b-41c1-a6fd-ad254c22b568}</UniqueIdentifier>
    </Filter>
    <Filter Include="scriptapi">
      <UniqueIdentifier>{c5e1c95b-604e-46f5-b1e3-41367a38f093}</UniqueIdentifier>
    </Filter>
  </ItemGroup>
  <ItemGroup>
    <ClCompile Include="..\thirdparty\lua\lapi.c">
      <Filter>lua</Filter>
    </ClCompile>
    <ClCompile Include="..\thirdparty\lua\lauxlib.c">
      <Filter>lua</Filter>
    </ClCompile>
    <ClCompile Include="..\thirdparty\lua\lbaselib.c">
      <Filter>lua</Filter>
    </ClCompile>
    <ClCompile Include="..\thirdparty\lua\lcode.c">
      <Filter>lua</Filter>
    </ClCompile>
    <ClCompile Include="..\thirdparty\lua\lcorolib.c">
      <Filter>lua</Filter>
    </ClCompile>
    <ClCompile Include="..\thirdparty\lua\lctype.c">
      <Filter>lua</Filter>
    </ClCompile>
    <ClCompile Include="..\thirdparty\lua\ldblib.c">
      <Filter>lua</Filter>
    </ClCompile>
    <ClCompile Include="..\thirdparty\lua\ldebug.c">
      <Filter>lua</Filter>
    </ClCompile>
    <ClCompile Include="..\thirdparty\lua\ldo.c">
      <Filter>lua</Filter>
    </ClCompile>
    <ClCompile Include="..\thirdparty\lua\ldump.c">
      <Filter>lua</Filter>
    </ClCompile>
    <ClCompile Include="..\thirdparty\lua\lfunc.c">
      <Filter>lua</Filter>
    </ClCompile>
    <ClCompile Include="..\thirdparty\lua\lgc.c">
      <Filter>lua</Filter>
    </ClCompile>
    <ClCompile Include="..\thirdparty\lua\linit.c">
      <Filter>lua</Filter>
    </ClCompile>
    <ClCompile Include="..\thirdparty\lua\liolib.c">
      <Filter>lua</Filter>
    </ClCompile>
    <ClCompile Include="..\thirdparty\lua\llex.c">
      <Filter>lua</Filter>
    </ClCompile>
    <ClCompile Include="..\thirdparty\lua\lmathlib.c">
      <Filter>lua</Filter>
    </ClCompile>
    <ClCompile Include="..\thirdparty\lua\lmem.c">
      <Filter>lua</Filter>
    </ClCompile>
    <ClCompile Include="..\thirdparty\lua\loadlib.c">
      <Filter>lua</Filter>
    </ClCompile>
    <ClCompile Include="..\thirdparty\lua\lobject.c">
      <Filter>lua</Filter>
    </ClCompile>
    <ClCompile Include="..\thirdparty\lua\lopcodes.c">
      <Filter>lua</Filter>
    </ClCompile>
    <ClCompile Include="..\thirdparty\lua\loslib.c">
      <Filter>lua</Filter>
    </ClCompile>
    <ClCompile Include="..\thirdparty\lua\lparser.c">
      <Filter>lua</Filter>
    </ClCompile>
    <ClCompile Include="..\thirdparty\lua\lstate.c">
      <Filter>lua</Filter>
    </ClCompile>
    <ClCompile Include="..\thirdparty\lua\lstring.c">
      <Filter>lua</Filter>
    </ClCompile>
    <ClCompile Include="..\thirdparty\lua\lstrlib.c">
      <Filter>lua</Filter>
    </ClCompile>
    <ClCompile Include="..\thirdparty\lua\ltable.c">
      <Filter>lua</Filter>
    </ClCompile>
    <ClCompile Include="..\thirdparty\lua\ltablib.c">
      <Filter>lua</Filter>
    </ClCompile>
    <ClCompile Include="..\thirdparty\lua\ltests.c">
      <Filter>lua</Filter>
    </ClCompile>
    <ClCompile Include="..\thirdparty\lua\ltm.c">
      <Filter>lua</Filter>
    </ClCompile>
    <ClCompile Include="..\thirdparty\lua\lua.c">
      <Filter>lua</Filter>
    </ClCompile>
    <ClCompile Include="..\thirdparty\lua\lundump.c">
      <Filter>lua</Filter>
    </ClCompile>
    <ClCompile Include="..\thirdparty\lua\lutf8lib.c">
      <Filter>lua</Filter>
    </ClCompile>
    <ClCompile Include="..\thirdparty\lua\lvm.c">
      <Filter>lua</Filter>
    </ClCompile>
    <ClCompile Include="..\thirdparty\lua\lzio.c">
      <Filter>lua</Filter>
    </ClCompile>
    <ClCompile Include="..\sources\Application.cpp">
      <Filter>core</Filter>
    </ClCompile>
    <ClCompile Include="..\sources\HidDevice.cpp">
      <Filter>core</Filter>
    </ClCompile>
    <ClCompile Include="..\sources\HidMain.cpp">
      <Filter>core</Filter>
    </ClCompile>
    <ClCompile Include="..\sources\HidSdk.cpp">
      <Filter>core</Filter>
    </ClCompile>
    <ClCompile Include="..\sources\scriptapi\ScriptCore.cpp">
      <Filter>scriptapi</Filter>
    </ClCompile>
  </ItemGroup>
  <ItemGroup>
    <ClInclude Include="..\thirdparty\lua\lapi.h">
      <Filter>lua</Filter>
    </ClInclude>
    <ClInclude Include="..\thirdparty\lua\lauxlib.h">
      <Filter>lua</Filter>
    </ClInclude>
    <ClInclude Include="..\thirdparty\lua\lcode.h">
      <Filter>lua</Filter>
    </ClInclude>
    <ClInclude Include="..\thirdparty\lua\lctype.h">
      <Filter>lua</Filter>
    </ClInclude>
    <ClInclude Include="..\thirdparty\lua\ldebug.h">
      <Filter>lua</Filter>
    </ClInclude>
    <ClInclude Include="..\thirdparty\lua\ldo.h">
      <Filter>lua</Filter>
    </ClInclude>
    <ClInclude Include="..\thirdparty\lua\lfunc.h">
      <Filter>lua</Filter>
    </ClInclude>
    <ClInclude Include="..\thirdparty\lua\lgc.h">
      <Filter>lua</Filter>
    </ClInclude>
    <ClInclude Include="..\thirdparty\lua\ljumptab.h">
      <Filter>lua</Filter>
    </ClInclude>
    <ClInclude Include="..\thirdparty\lua\llex.h">
      <Filter>lua</Filter>
    </ClInclude>
    <ClInclude Include="..\thirdparty\lua\llimits.h">
      <Filter>lua</Filter>
    </ClInclude>
    <ClInclude Include="..\thirdparty\lua\lmem.h">
      <Filter>lua</Filter>
    </ClInclude>
    <ClInclude Include="..\thirdparty\lua\lobject.h">
      <Filter>lua</Filter>
    </ClInclude>
    <ClInclude Include="..\thirdparty\lua\lopcodes.h">
      <Filter>lua</Filter>
    </ClInclude>
    <ClInclude Include="..\thirdparty\lua\lparser.h">
      <Filter>lua</Filter>
    </ClInclude>
    <ClInclude Include="..\thirdparty\lua\lprefix.h">
      <Filter>lua</Filter>
    </ClInclude>
    <ClInclude Include="..\thirdparty\lua\lstate.h">
      <Filter>lua</Filter>
    </ClInclude>
    <ClInclude Include="..\thirdparty\lua\lstring.h">
      <Filter>lua</Filter>
    </ClInclude>
    <ClInclude Include="..\thirdparty\lua\ltable.h">
      <Filter>lua</Filter>
    </ClInclude>
    <ClInclude Include="..\thirdparty\lua\ltests.h">
      <Filter>lua</Filter>
    </ClInclude>
    <ClInclude Include="..\thirdparty\lua\ltm.h">
      <Filter>lua</Filter>
    </ClInclude>
    <ClInclude Include="..\thirdparty\lua\lua.h">
      <Filter>lua</Filter>
    </ClInclude>
    <ClInclude Include="..\thirdparty\lua\luaconf.h">
      <Filter>lua</Filter>
    </ClInclude>
    <ClInclude Include="..\thirdparty\lua\lualib.h">
      <Filter>lua</Filter>
    </ClInclude>
    <ClInclude Include="..\thirdparty\lua\lundump.h">
      <Filter>lua</Filter>
    </ClInclude>
    <ClInclude Include="..\thirdparty\lua\lvm.h">
      <Filter>lua</Filter>
    </ClInclude>
    <ClInclude Include="..\thirdparty\lua\lzio.h">
      <Filter>lua</Filter>
    </ClInclude>
    <ClInclude Include="..\sources\Application.hpp">
      <Filter>core</Filter>
    </ClInclude>
    <ClInclude Include="..\sources\Exports.hpp">
      <Filter>core</Filter>
    </ClInclude>
    <ClInclude Include="..\sources\HidDevice.hpp">
      <Filter>core</Filter>
    </ClInclude>
    <ClInclude Include="..\sources\HidSdk.hpp">
      <Filter>core</Filter>
    </ClInclude>
    <ClInclude Include="..\sources\Logger.hpp">
      <Filter>core</Filter>
    </ClInclude>
    <ClInclude Include="..\sources\LuaBind.hpp">
      <Filter>core</Filter>
    </ClInclude>
    <ClInclude Include="..\sources\Proto.hpp">
      <Filter>core</Filter>
    </ClInclude>
    <ClInclude Include="..\sources\scriptapi\ApplicationAPI.hpp">
      <Filter>scriptapi</Filter>
    </ClInclude>
    <ClInclude Include="..\sources\scriptapi\HidAPI.hpp">
      <Filter>scriptapi</Filter>
    </ClInclude>
    <ClInclude Include="..\sources\scriptapi\ScriptCore.hpp">
      <Filter>scriptapi</Filter>
    </ClInclude>
    <ClInclude Include="..\sources\scriptapi\ConsoleAPI.hpp">
      <Filter>scriptapi</Filter>
    </ClInclude>
  </ItemGroup>
</Project>