
Microsoft Visual Studio Solution File, Format Version 12.00
# Visual Studio 15
VisualStudioVersion = 15.0.28010.2041
MinimumVisualStudioVersion = 10.0.40219.1
Project("{8BC9CEB8-8B4A-11D0-8D11-00A0C91BC942}") = "hidapi", "hidapi.vcxproj", "{28EECD3A-27D9-4831-820D-96904E140630}"
EndProject
Global
	GlobalSection(SolutionConfigurationPlatforms) = preSolution
		Debug|x64 = Debug|x64
		Debug|x86 = Debug|x86
		Release|x64 = Release|x64
		Release|x86 = Release|x86
	EndGlobalSection
	GlobalSection(ProjectConfigurationPlatforms) = postSolution
		{28EECD3A-27D9-4831-820D-96904E140630}.Debug|x64.ActiveCfg = Debug|x64
		{28EECD3A-27D9-4831-820D-96904E140630}.Debug|x64.Build.0 = Debug|x64
		{28EECD3A-27D9-4831-820D-96904E140630}.Debug|x86.ActiveCfg = Debug|Win32
		{28EECD3A-27D9-4831-820D-96904E140630}.Debug|x86.Build.0 = Debug|Win32
		{28EECD3A-27D9-4831-820D-96904E140630}.Release|x64.ActiveCfg = Release|x64
		{28EECD3A-27D9-4831-820D-96904E140630}.Release|x64.Build.0 = Release|x64
		{28EECD3A-27D9-4831-820D-96904E140630}.Release|x86.ActiveCfg = Release|Win32
		{28EECD3A-27D9-4831-820D-96904E140630}.Release|x86.Build.0 = Release|Win32
	EndGlobalSection
	GlobalSection(SolutionProperties) = preSolution
		HideSolutionNode = FALSE
	EndGlobalSection
	GlobalSection(ExtensibilityGlobals) = postSolution
		SolutionGuid = {F5974EF3-FB78-46C6-A1B7-37164E532A13}
	EndGlobalSection
EndGlobal
